github.com/BurntSushi/xgb v0.0.0-20200324125942-20f126ea2843 h1:3iF31c7rp7nGZVDv7YQ+VxOgpipVfPKotLXykjZmwM8=
github.com/BurntSushi/xgb v0.0.0-20200324125942-20f126ea2843/go.mod h1:IVnqGOEym/WlBOVXweHU+Q+/VP0lqqI8lqeDx9IjBqo=
github.com/davecgh/go-spew v1.1.0/go.mod h1:J7Y8YcW2NihsgmVo/mv3lAwl/skON4iLHjSsI+c5H38=
github.com/davecgh/go-spew v1.1.1 h1:vj9j/u1bqnvCEfJOwUhtlOARqs3+rkHYY13jYWTU97c=
github.com/davecgh/go-spew v1.1.1/go.mod h1:J7Y8YcW2NihsgmVo/mv3lAwl/skON4iLHjSsI+c5H38=
github.com/gen2brain/shm v0.0.0-20200228170931-49f9650110c5 h1:Y5Q2mEwfzjMt5+3u70Gtw93ZOu2UuPeeeTBDntF7FoY=
github.com/gen2brain/shm v0.0.0-20200228170931-49f9650110c5/go.mod h1:uF6rMu/1nvu+5DpiRLwusA6xB8zlkNoGzKn8lmYONUo=
github.com/jsimonetti/go-artnet v0.0.0-20200505065931-a2614ed858e3 h1:Gpu53Y2pInI7yrnG2gZhjdfZr2iDQOcckp8nTUJ+MgQ=
github.com/jsimonetti/go-artnet v0.0.0-20200505065931-a2614ed858e3/go.mod h1:+cJ89O08Aihlm0/pcy8AMXjaKsufOV8ur8RIFSh6CIo=
github.com/kbinani/screenshot v0.0.0-20191211154542-3a185f1ce18f h1:5hWo+DzJQSOBl6X+TDac0SPWffRonuRJ2///OYtYRT8=
github.com/kbinani/screenshot v0.0.0-20191211154542-3a185f1ce18f/go.mod h1:f8GY5V3lRzakvEyr49P7hHRYoHtPr8zvj/7JodCoRzw=
github.com/konsorten/go-windows-terminal-sequences v1.0.3/go.mod h1:T0+1ngSBFLxvqU3pZ+m/2kptfBszLMUkC4ZK/EgS/cQ=
github.com/lxn/win v0.0.0-20191128105842-2da648fda5b4 h1:5BmtGkQbch91lglMHQ9JIDGiYCL3kBRBA0ItZTvOcEI=
github.com/lxn/win v0.0.0-20191128105842-2da648fda5b4/go.mod h1:ouWl4wViUNh8tPSIwxTVMuS014WakR1hqvBc2I0bMoA=
github.com/pmezard/go-difflib v1.0.0 h1:4DBwDE0NGyQoBHbLQYPwSUPoCMWR5BEzIk/f1lZbAQM=
github.com/pmezard/go-difflib v1.0.0/go.mod h1:iKH77koFhYxTK1pcRnkKkqfTogsbg7gZNVY4sRDYZ/4=
github.com/sirupsen/logrus v1.6.0/go.mod h1:7uNnSEd1DgxDLC74fIahvMZmmYsHGZGEOFrfsX/uA88=
github.com/stretchr/objx v0.1.0/go.mod h1:HFkY916IF+rwdDfMAkV7OtwuqBVzrE8GR6GFx+wExME=
github.com/stretchr/testify v1.2.2/go.mod h1:a8OnRcib4nhh0OaRAV+Yts87kKdq0PP7pXfy6kDkUVs=
github.com/stretchr/testify v1.6.1 h1:hDPOHmpOpP40lSULcqw7IrRb/u7w6RpDC9399XyoNd0=
github.com/stretchr/testify v1.6.1/go.mod h1:6Fq8oRcR53rry900zMqJjRRixrwX3KX962/h/Wwjteg=
golang.org/x/sys v0.0.0-20190422165155-953cdadca894/go.mod h1:h1NjWce9XRLGQEsW7wpKNCjG9DtNlClVuFLEZdDNbEs=
golang.org/x/sys v0.0.0-20190904154756-749cb33beabd h1:DBH9mDw0zluJT/R+nGuV3jWFWLFaHyYZWD4tOT+cjn0=
golang.org/x/sys v0.0.0-20190904154756-749cb33beabd/go.mod h1:h1NjWce9XRLGQEsW7wpKNCjG9DtNlClVuFLEZdDNbEs=
gopkg.in/check.v1 v0.0.0-20161208181325-20d25e280405 h1:yhCVgyC4o1eVCa2tZl7eS0r+SDo693bJlVdllGtEeKM=
gopkg.in/check.v1 v0.0.0-20161208181325-20d25e280405/go.mod h1:Co6ibVJAznAaIkqp8huTwlJQCZ016jof/cbN4VW5Yz0=
gopkg.in/yaml.v3 v3.0.0-20200313102051-9f266ea9e77c h1:dUUwHk2QECo/6vqA44rthZ8ie2QXMNeKRTHCNY2nXvo=
gopkg.in/yaml.v3 v3.0.0-20200313102051-9f266ea9e77c/go.mod h1:K4uyk7z7BCEPqu6E+C64Yfv1cQ7kz7rIZviUmN+EgEM=
